{
    "version": 3,
    "terraform_version": "0.11.14",
    "serial": 3,
    "lineage": "8ea524f1-c108-29a3-e0b8-960fa0990ec3",
    "modules": [
        {
            "path": [
                "root"
            ],
            "outputs": {},
            "resources": {
                "google_compute_instance.default": {
                    "type": "google_compute_instance",
                    "depends_on": [],
                    "primary": {
                        "id": "default22222222222222222222222",
                        "attributes": {
                            "attached_disk.#": "0",
                            "boot_disk.#": "1",
                            "boot_disk.0.auto_delete": "true",
                            "boot_disk.0.device_name": "persistent-disk-0",
                            "boot_disk.0.disk_encryption_key_raw": "",
                            "boot_disk.0.disk_encryption_key_sha256": "",
                            "boot_disk.0.initialize_params.#": "1",
                            "boot_disk.0.initialize_params.0.image": "https://www.googleapis.com/compute/v1/projects/centos-cloud/global/images/centos-7-v20190515",
                            "boot_disk.0.initialize_params.0.size": "10",
                            "boot_disk.0.initialize_params.0.type": "pd-standard",
                            "boot_disk.0.source": "https://www.googleapis.com/compute/v1/projects/rackspace-240515/zones/europe-west2-c/disks/default22222222222222222222222",
                            "can_ip_forward": "false",
                            "cpu_platform": "Intel Broadwell",
                            "deletion_protection": "false",
                            "guest_accelerator.#": "0",
                            "hostname": "",
                            "id": "default22222222222222222222222",
                            "instance_id": "8607544312289520757",
                            "label_fingerprint": "42WmSpB8rSM=",
                            "labels.%": "0",
                            "machine_type": "n1-standard-1",
                            "metadata.%": "1",
                            "metadata.sshKeys": "terraform:ssh-rsa AAAAB3NzaC1yc2EAAAADAQABAAABAQDIM3HC6fogdK26SoX2ylh1mwO/vyqujjIpyYqjthdJxv4KNt5aRrh0Vs4XJ5u4p3PID7l5G2L5ZZ04x6wPPzzKALz9Jw5yuicUGtRoXncRRzyVQ4CM/V21s2sajg7d+ujNwLoMaiYMAILF/rMIpYOAUAFjr92q+HF29In/8EhswSWQ6HJZ6qvoWKF6hFvcMQPG/d8jS4ceRaC93g63PqZtwiGWcgJEwWtutHA2gFVSMehzQAhzxzXex/+mJA0+6rDNn7cJv+UCj7FiIrHB/R/WBErVIGzuSIHhHMbZu1KnN4f+dDf5sgAgWdbHacioEnzdzKlvGvMtCpQaDsGAgIPh faiyaztraining@master\n",
                            "metadata_fingerprint": "6XfXaCtx_7Q=",
                            "metadata_startup_script": "",
                            "min_cpu_platform": "",
                            "name": "default22222222222222222222222",
                            "network_interface.#": "1",
                            "network_interface.0.access_config.#": "1",
                            "network_interface.0.access_config.0.assigned_nat_ip": "",
                            "network_interface.0.access_config.0.nat_ip": "35.197.217.157",
                            "network_interface.0.access_config.0.network_tier": "PREMIUM",
                            "network_interface.0.access_config.0.public_ptr_domain_name": "",
                            "network_interface.0.address": "",
                            "network_interface.0.alias_ip_range.#": "0",
                            "network_interface.0.name": "nic0",
                            "network_interface.0.network": "https://www.googleapis.com/compute/v1/projects/rackspace-240515/global/networks/default",
                            "network_interface.0.network_ip": "10.154.0.5",
                            "network_interface.0.subnetwork": "https://www.googleapis.com/compute/v1/projects/rackspace-240515/regions/europe-west2/subnetworks/default",
                            "network_interface.0.subnetwork_project": "rackspace-240515",
                            "project": "rackspace-240515",
                            "scheduling.#": "1",
                            "scheduling.0.automatic_restart": "true",
                            "scheduling.0.node_affinities.#": "0",
                            "scheduling.0.on_host_maintenance": "MIGRATE",
                            "scheduling.0.preemptible": "false",
                            "scratch_disk.#": "0",
                            "self_link": "https://www.googleapis.com/compute/v1/projects/rackspace-240515/zones/europe-west2-c/instances/default22222222222222222222222",
                            "service_account.#": "0",
                            "tags.#": "0",
                            "tags_fingerprint": "42WmSpB8rSM=",
                            "zone": "europe-west2-c"
                        },
                        "meta": {
                            "e2bfb730-ecaa-11e6-8f88-34363bc7c4c0": {
                                "create": 360000000000,
                                "delete": 360000000000,
                                "update": 360000000000
                            },
                            "schema_version": "6"
                        },
                        "tainted": false
                    },
                    "deposed": [],
                    "provider": "provider.google"
                }
            },
            "depends_on": []
        }
    ]
}
